// !$*UTF8*$!
{
	archiveVersion = 1;
	classes = {
	};
	objectVersion = 46;
	objects = {

/* Begin PBXBuildFile section */
		FF6A77F21F8AE7C400818EFD /* AppDelegate.swift in Sources */ = {isa = PBXBuildFile; fileRef = FF6A77F11F8AE7C400818EFD /* AppDelegate.swift */; };
		FF6A77F41F8AE7C400818EFD /* ViewController.swift in Sources */ = {isa = PBXBuildFile; fileRef = FF6A77F31F8AE7C400818EFD /* ViewController.swift */; };
		FF6A77F71F8AE7C400818EFD /* Main.storyboard in Resources */ = {isa = PBXBuildFile; fileRef = FF6A77F51F8AE7C400818EFD /* Main.storyboard */; };
		FF6A77F91F8AE7C400818EFD /* Assets.xcassets in Resources */ = {isa = PBXBuildFile; fileRef = FF6A77F81F8AE7C400818EFD /* Assets.xcassets */; };
		FF6A77FC1F8AE7C400818EFD /* LaunchScreen.storyboard in Resources */ = {isa = PBXBuildFile; fileRef = FF6A77FA1F8AE7C400818EFD /* LaunchScreen.storyboard */; };
		FF6A78071F8AE7C400818EFD /* Swift_FunTests.swift in Sources */ = {isa = PBXBuildFile; fileRef = FF6A78061F8AE7C400818EFD /* Swift_FunTests.swift */; };
		FF6A78121F8AE7C400818EFD /* Swift_FunUITests.swift in Sources */ = {isa = PBXBuildFile; fileRef = FF6A78111F8AE7C400818EFD /* Swift_FunUITests.swift */; };
/* End PBXBuildFile section */

/* Begin PBXContainerItemProxy section */
		FF6A78031F8AE7C400818EFD /* PBXContainerItemProxy */ = {
			isa = PBXContainerItemProxy;
			containerPortal = FF6A77E61F8AE7C400818EFD /* Project object */;
			proxyType = 1;
			remoteGlobalIDString = FF6A77ED1F8AE7C400818EFD;
			remoteInfo = "Swift Fun";
		};
		FF6A780E1F8AE7C400818EFD /* PBXContainerItemProxy */ = {
			isa = PBXContainerItemProxy;
			containerPortal = FF6A77E61F8AE7C400818EFD /* Project object */;
			proxyType = 1;
			remoteGlobalIDString = FF6A77ED1F8AE7C400818EFD;
			remoteInfo = "Swift Fun";
		};
/* End PBXContainerItemProxy section */

/* Begin PBXFileReference section */
		FF6A77EE1F8AE7C400818EFD /* Swift Fun.app */ = {isa = PBXFileReference; explicitFileType = wrapper.application; includeInIndex = 0; path = "Swift Fun.app"; sourceTree = BUILT_PRODUCTS_DIR; };
		FF6A77F11F8AE7C400818EFD /* AppDelegate.swift */ = {isa = PBXFileReference; lastKnownFileType = sourcecode.swift; path = AppDelegate.swift; sourceTree = "<group>"; };
		FF6A77F31F8AE7C400818EFD /* ViewController.swift */ = {isa = PBXFileReference; lastKnownFileType = sourcecode.swift; path = ViewController.swift; sourceTree = "<group>"; };
		FF6A77F61F8AE7C400818EFD /* Base */ = {isa = PBXFileReference; lastKnownFileType = file.storyboard; name = Base; path = Base.lproj/Main.storyboard; sourceTree = "<group>"; };
		FF6A77F81F8AE7C400818EFD /* Assets.xcassets */ = {isa = PBXFileReference; lastKnownFileType = folder.assetcatalog; path = Assets.xcassets; sourceTree = "<group>"; };
		FF6A77FB1F8AE7C400818EFD /* Base */ = {isa = PBXFileReference; lastKnownFileType = file.storyboard; name = Base; path = Base.lproj/LaunchScreen.storyboard; sourceTree = "<group>"; };
		FF6A77FD1F8AE7C400818EFD /* Info.plist */ = {isa = PBXFileReference; lastKnownFileType = text.plist.xml; path = Info.plist; sourceTree = "<group>"; };
		FF6A78021F8AE7C400818EFD /* Swift FunTests.xctest */ = {isa = PBXFileReference; explicitFileType = wrapper.cfbundle; includeInIndex = 0; path = "Swift FunTests.xctest"; sourceTree = BUILT_PRODUCTS_DIR; };
		FF6A78061F8AE7C400818EFD /* Swift_FunTests.swift */ = {isa = PBXFileReference; lastKnownFileType = sourcecode.swift; path = Swift_FunTests.swift; sourceTree = "<group>"; };
		FF6A78081F8AE7C400818EFD /* Info.plist */ = {isa = PBXFileReference; lastKnownFileType = text.plist.xml; path = Info.plist; sourceTree = "<group>"; };
		FF6A780D1F8AE7C400818EFD /* Swift FunUITests.xctest */ = {isa = PBXFileReference; explicitFileType = wrapper.cfbundle; includeInIndex = 0; path = "Swift FunUITests.xctest"; sourceTree = BUILT_PRODUCTS_DIR; };
		FF6A78111F8AE7C400818EFD /* Swift_FunUITests.swift */ = {isa = PBXFileReference; lastKnownFileType = sourcecode.swift; path = Swift_FunUITests.swift; sourceTree = "<group>"; };
		FF6A78131F8AE7C400818EFD /* Info.plist */ = {isa = PBXFileReference; lastKnownFileType = text.plist.xml; path = Info.plist; sourceTree = "<group>"; };
/* End PBXFileReference section */

/* Begin PBXFrameworksBuildPhase section */
		FF6A77EB1F8AE7C400818EFD /* Frameworks */ = {
			isa = PBXFrameworksBuildPhase;
			buildActionMask = 2147483647;
			files = (
			);
			runOnlyForDeploymentPostprocessing = 0;
		};
		FF6A77FF1F8AE7C400818EFD /* Frameworks */ = {
			isa = PBXFrameworksBuildPhase;
			buildActionMask = 2147483647;
			files = (
			);
			runOnlyForDeploymentPostprocessing = 0;
		};
		FF6A780A1F8AE7C400818EFD /* Frameworks */ = {
			isa = PBXFrameworksBuildPhase;
			buildActionMask = 2147483647;
			files = (
			);
			runOnlyForDeploymentPostprocessing = 0;
		};
/* End PBXFrameworksBuildPhase section */

/* Begin PBXGroup section */
		FF6A77E51F8AE7C400818EFD = {
			isa = PBXGroup;
			children = (
				FF6A77F01F8AE7C400818EFD /* Swift Fun */,
				FF6A78051F8AE7C400818EFD /* Swift FunTests */,
				FF6A78101F8AE7C400818EFD /* Swift FunUITests */,
				FF6A77EF1F8AE7C400818EFD /* Products */,
			);
			sourceTree = "<group>";
		};
		FF6A77EF1F8AE7C400818EFD /* Products */ = {
			isa = PBXGroup;
			children = (
				FF6A77EE1F8AE7C400818EFD /* Swift Fun.app */,
				FF6A78021F8AE7C400818EFD /* Swift FunTests.xctest */,
				FF6A780D1F8AE7C400818EFD /* Swift FunUITests.xctest */,
			);
			name = Products;
			sourceTree = "<group>";
		};
		FF6A77F01F8AE7C400818EFD /* Swift Fun */ = {
			isa = PBXGroup;
			children = (
				FF6A77F11F8AE7C400818EFD /* AppDelegate.swift */,
				FF6A77F31F8AE7C400818EFD /* ViewController.swift */,
				FF6A77F51F8AE7C400818EFD /* Main.storyboard */,
				FF6A77F81F8AE7C400818EFD /* Assets.xcassets */,
				FF6A77FA1F8AE7C400818EFD /* LaunchScreen.storyboard */,
				FF6A77FD1F8AE7C400818EFD /* Info.plist */,
			);
			path = "Swift Fun";
			sourceTree = "<group>";
		};
		FF6A78051F8AE7C400818EFD /* Swift FunTests */ = {
			isa = PBXGroup;
			children = (
				FF6A78061F8AE7C400818EFD /* Swift_FunTests.swift */,
				FF6A78081F8AE7C400818EFD /* Info.plist */,
			);
			path = "Swift FunTests";
			sourceTree = "<group>";
		};
		FF6A78101F8AE7C400818EFD /* Swift FunUITests */ = {
			isa = PBXGroup;
			children = (
				FF6A78111F8AE7C400818EFD /* Swift_FunUITests.swift */,
				FF6A78131F8AE7C400818EFD /* Info.plist */,
			);
			path = "Swift FunUITests";
			sourceTree = "<group>";
		};
/* End PBXGroup section */

/* Begin PBXNativeTarget section */
		FF6A77ED1F8AE7C400818EFD /* Swift Fun */ = {
			isa = PBXNativeTarget;
			buildConfigurationList = FF6A78161F8AE7C400818EFD /* Build configuration list for PBXNativeTarget "Swift Fun" */;
			buildPhases = (
				FF6A77EA1F8AE7C400818EFD /* Sources */,
				FF6A77EB1F8AE7C400818EFD /* Frameworks */,
				FF6A77EC1F8AE7C400818EFD /* Resources */,
			);
			buildRules = (
			);
			dependencies = (
			);
			name = "Swift Fun";
			productName = "Swift Fun";
			productReference = FF6A77EE1F8AE7C400818EFD /* Swift Fun.app */;
			productType = "com.apple.product-type.application";
		};
		FF6A78011F8AE7C400818EFD /* Swift FunTests */ = {
			isa = PBXNativeTarget;
			buildConfigurationList = FF6A78191F8AE7C400818EFD /* Build configuration list for PBXNativeTarget "Swift FunTests" */;
			buildPhases = (
				FF6A77FE1F8AE7C400818EFD /* Sources */,
				FF6A77FF1F8AE7C400818EFD /* Frameworks */,
				FF6A78001F8AE7C400818EFD /* Resources */,
			);
			buildRules = (
			);
			dependencies = (
				FF6A78041F8AE7C400818EFD /* PBXTargetDependency */,
			);
			name = "Swift FunTests";
			productName = "Swift FunTests";
			productReference = FF6A78021F8AE7C400818EFD /* Swift FunTests.xctest */;
			productType = "com.apple.product-type.bundle.unit-test";
		};
		FF6A780C1F8AE7C400818EFD /* Swift FunUITests */ = {
			isa = PBXNativeTarget;
			buildConfigurationList = FF6A781C1F8AE7C400818EFD /* Build configuration list for PBXNativeTarget "Swift FunUITests" */;
			buildPhases = (
				FF6A78091F8AE7C400818EFD /* Sources */,
				FF6A780A1F8AE7C400818EFD /* Frameworks */,
				FF6A780B1F8AE7C400818EFD /* Resources */,
			);
			buildRules = (
			);
			dependencies = (
				FF6A780F1F8AE7C400818EFD /* PBXTargetDependency */,
			);
			name = "Swift FunUITests";
			productName = "Swift FunUITests";
			productReference = FF6A780D1F8AE7C400818EFD /* Swift FunUITests.xctest */;
			productType = "com.apple.product-type.bundle.ui-testing";
		};
/* End PBXNativeTarget section */

/* Begin PBXProject section */
		FF6A77E61F8AE7C400818EFD /* Project object */ = {
			isa = PBXProject;
			attributes = {
				LastSwiftUpdateCheck = 0830;
				LastUpgradeCheck = 0830;
				ORGANIZATIONNAME = "scott young";
				TargetAttributes = {
					FF6A77ED1F8AE7C400818EFD = {
						CreatedOnToolsVersion = 8.3.3;
						ProvisioningStyle = Automatic;
					};
					FF6A78011F8AE7C400818EFD = {
						CreatedOnToolsVersion = 8.3.3;
						ProvisioningStyle = Automatic;
						TestTargetID = FF6A77ED1F8AE7C400818EFD;
					};
					FF6A780C1F8AE7C400818EFD = {
						CreatedOnToolsVersion = 8.3.3;
						ProvisioningStyle = Automatic;
						TestTargetID = FF6A77ED1F8AE7C400818EFD;
					};
				};
			};
			buildConfigurationList = FF6A77E91F8AE7C400818EFD /* Build configuration list for PBXProject "Swift Fun" */;
			compatibilityVersion = "Xcode 3.2";
			developmentRegion = English;
			hasScannedForEncodings = 0;
			knownRegions = (
				en,
				Base,
			);
			mainGroup = FF6A77E51F8AE7C400818EFD;
			productRefGroup = FF6A77EF1F8AE7C400818EFD /* Products */;
			projectDirPath = "";
			projectRoot = "";
			targets = (
				FF6A77ED1F8AE7C400818EFD /* Swift Fun */,
				FF6A78011F8AE7C400818EFD /* Swift FunTests */,
				FF6A780C1F8AE7C400818EFD /* Swift FunUITests */,
			);
		};
/* End PBXProject section */

/* Begin PBXResourcesBuildPhase section */
		FF6A77EC1F8AE7C400818EFD /* Resources */ = {
			isa = PBXResourcesBuildPhase;
			buildActionMask = 2147483647;
			files = (
				FF6A77FC1F8AE7C400818EFD /* LaunchScreen.storyboard in Resources */,
				FF6A77F91F8AE7C400818EFD /* Assets.xcassets in Resources */,
				FF6A77F71F8AE7C400818EFD /* Main.storyboard in Resources */,
			);
			runOnlyForDeploymentPostprocessing = 0;
		};
		FF6A78001F8AE7C400818EFD /* Resources */ = {
			isa = PBXResourcesBuildPhase;
			buildActionMask = 2147483647;
			files = (
			);
			runOnlyForDeploymentPostprocessing = 0;
		};
		FF6A780B1F8AE7C400818EFD /* Resources */ = {
			isa = PBXResourcesBuildPhase;
			buildActionMask = 2147483647;
			files = (
			);
			runOnlyForDeploymentPostprocessing = 0;
		};
/* End PBXResourcesBuildPhase section */

/* Begin PBXSourcesBuildPhase section */
		FF6A77EA1F8AE7C400818EFD /* Sources */ = {
			isa = PBXSourcesBuildPhase;
			buildActionMask = 2147483647;
			files = (
				FF6A77F41F8AE7C400818EFD /* ViewController.swift in Sources */,
				FF6A77F21F8AE7C400818EFD /* AppDelegate.swift in Sources */,
			);
			runOnlyForDeploymentPostprocessing = 0;
		};
		FF6A77FE1F8AE7C400818EFD /* Sources */ = {
			isa = PBXSourcesBuildPhase;
			buildActionMask = 2147483647;
			files = (
				FF6A78071F8AE7C400818EFD /* Swift_FunTests.swift in Sources */,
			);
			runOnlyForDeploymentPostprocessing = 0;
		};
		FF6A78091F8AE7C400818EFD /* Sources */ = {
			isa = PBXSourcesBuildPhase;
			buildActionMask = 2147483647;
			files = (
				FF6A78121F8AE7C400818EFD /* Swift_FunUITests.swift in Sources */,
			);
			runOnlyForDeploymentPostprocessing = 0;
		};
/* End PBXSourcesBuildPhase section */

/* Begin PBXTargetDependency section */
		FF6A78041F8AE7C400818EFD /* PBXTargetDependency */ = {
			isa = PBXTargetDependency;
			target = FF6A77ED1F8AE7C400818EFD /* Swift Fun */;
			targetProxy = FF6A78031F8AE7C400818EFD /* PBXContainerItemProxy */;
		};
		FF6A780F1F8AE7C400818EFD /* PBXTargetDependency */ = {
			isa = PBXTargetDependency;
			target = FF6A77ED1F8AE7C400818EFD /* Swift Fun */;
			targetProxy = FF6A780E1F8AE7C400818EFD /* PBXContainerItemProxy */;
		};
/* End PBXTargetDependency section */

/* Begin PBXVariantGroup section */
		FF6A77F51F8AE7C400818EFD /* Main.storyboard */ = {
			isa = PBXVariantGroup;
			children = (
				FF6A77F61F8AE7C400818EFD /* Base */,
			);
			name = Main.storyboard;
			sourceTree = "<group>";
		};
		FF6A77FA1F8AE7C400818EFD /* LaunchScreen.storyboard */ = {
			isa = PBXVariantGroup;
			children = (
				FF6A77FB1F8AE7C400818EFD /* Base */,
			);
			name = LaunchScreen.storyboard;
			sourceTree = "<group>";
		};
/* End PBXVariantGroup section */

/* Begin XCBuildConfiguration section */
		FF6A78141F8AE7C400818EFD /* Debug */ = {
			isa = XCBuildConfiguration;
			buildSettings = {
				ALWAYS_SEARCH_USER_PATHS = NO;
				CLANG_ANALYZER_NONNULL = YES;
				CLANG_ANALYZER_NUMBER_OBJECT_CONVERSION = YES_AGGRESSIVE;
				CLANG_CXX_LANGUAGE_STANDARD = "gnu++0x";
				CLANG_CXX_LIBRARY = "libc++";
				CLANG_ENABLE_MODULES = YES;
				CLANG_ENABLE_OBJC_ARC = YES;
				CLANG_WARN_BOOL_CONVERSION = YES;
				CLANG_WARN_CONSTANT_CONVERSION = YES;
				CLANG_WARN_DIRECT_OBJC_ISA_USAGE = YES_ERROR;
				CLANG_WARN_DOCUMENTATION_COMMENTS = YES;
				CLANG_WARN_EMPTY_BODY = YES;
				CLANG_WARN_ENUM_CONVERSION = YES;
				CLANG_WARN_INFINITE_RECURSION = YES;
				CLANG_WARN_INT_CONVERSION = YES;
				CLANG_WARN_OBJC_ROOT_CLASS = YES_ERROR;
				CLANG_WARN_SUSPICIOUS_MOVE = YES;
				CLANG_WARN_UNREACHABLE_CODE = YES;
				CLANG_WARN__DUPLICATE_METHOD_MATCH = YES;
				"CODE_SIGN_IDENTITY[sdk=iphoneos*]" = "iPhone Developer";
				COPY_PHASE_STRIP = NO;
				DEBUG_INFORMATION_FORMAT = dwarf;
				ENABLE_STRICT_OBJC_MSGSEND = YES;
				ENABLE_TESTABILITY = YES;
				GCC_C_LANGUAGE_STANDARD = gnu99;
				GCC_DYNAMIC_NO_PIC = NO;
				GCC_NO_COMMON_BLOCKS = YES;
				GCC_OPTIMIZATION_LEVEL = 0;
				GCC_PREPROCESSOR_DEFINITIONS = (
					"DEBUG=1",
					"$(inherited)",
				);
				GCC_WARN_64_TO_32_BIT_CONVERSION = YES;
				GCC_WARN_ABOUT_RETURN_TYPE = YES_ERROR;
				GCC_WARN_UNDECLARED_SELECTOR = YES;
				GCC_WARN_UNINITIALIZED_AUTOS = YES_AGGRESSIVE;
				GCC_WARN_UNUSED_FUNCTION = YES;
				GCC_WARN_UNUSED_VARIABLE = YES;
				IPHONEOS_DEPLOYMENT_TARGET = 10.3;
				MTL_ENABLE_DEBUG_INFO = YES;
				ONLY_ACTIVE_ARCH = YES;
				SDKROOT = iphoneos;
				SWIFT_ACTIVE_COMPILATION_CONDITIONS = DEBUG;
				SWIFT_OPTIMIZATION_LEVEL = "-Onone";
				TARGETED_DEVICE_FAMILY = "1,2";
			};
			name = Debug;
		};
		FF6A78151F8AE7C400818EFD /* Release */ = {
			isa = XCBuildConfiguration;
			buildSettings = {
				ALWAYS_SEARCH_USER_PATHS = NO;
				CLANG_ANALYZER_NONNULL = YES;
				CLANG_ANALYZER_NUMBER_OBJECT_CONVERSION = YES_AGGRESSIVE;
				CLANG_CXX_LANGUAGE_STANDARD = "gnu++0x";
				CLANG_CXX_LIBRARY = "libc++";
				CLANG_ENABLE_MODULES = YES;
				CLANG_ENABLE_OBJC_ARC = YES;
				CLANG_WARN_BOOL_CONVERSION = YES;
				CLANG_WARN_CONSTANT_CONVERSION = YES;
				CLANG_WARN_DIRECT_OBJC_ISA_USAGE = YES_ERROR;
				CLANG_WARN_DOCUMENTATION_COMMENTS = YES;
				CLANG_WARN_EMPTY_BODY = YES;
				CLANG_WARN_ENUM_CONVERSION = YES;
				CLANG_WARN_INFINITE_RECURSION = YES;
				CLANG_WARN_INT_CONVERSION = YES;
				CLANG_WARN_OBJC_ROOT_CLASS = YES_ERROR;
				CLANG_WARN_SUSPICIOUS_MOVE = YES;
				CLANG_WARN_UNREACHABLE_CODE = YES;
				CLANG_WARN__DUPLICATE_METHOD_MATCH = YES;
				"CODE_SIGN_IDENTITY[sdk=iphoneos*]" = "iPhone Developer";
				COPY_PHASE_STRIP = NO;
				DEBUG_INFORMATION_FORMAT = "dwarf-with-dsym";
				ENABLE_NS_ASSERTIONS = NO;
				ENABLE_STRICT_OBJC_MSGSEND = YES;
				GCC_C_LANGUAGE_STANDARD = gnu99;
				GCC_NO_COMMON_BLOCKS = YES;
				GCC_WARN_64_TO_32_BIT_CONVERSION = YES;
				GCC_WARN_ABOUT_RETURN_TYPE = YES_ERROR;
				GCC_WARN_UNDECLARED_SELECTOR = YES;
				GCC_WARN_UNINITIALIZED_AUTOS = YES_AGGRESSIVE;
				GCC_WARN_UNUSED_FUNCTION = YES;
				GCC_WARN_UNUSED_VARIABLE = YES;
				IPHONEOS_DEPLOYMENT_TARGET = 10.3;
				MTL_ENABLE_DEBUG_INFO = NO;
				SDKROOT = iphoneos;
				SWIFT_OPTIMIZATION_LEVEL = "-Owholemodule";
				TARGETED_DEVICE_FAMILY = "1,2";
				VALIDATE_PRODUCT = YES;
			};
			name = Release;
		};
		FF6A78171F8AE7C400818EFD /* Debug */ = {
			isa = XCBuildConfiguration;
			buildSettings = {
				ASSETCATALOG_COMPILER_APPICON_NAME = AppIcon;
				INFOPLIST_FILE = "Swift Fun/Info.plist";
				LD_RUNPATH_SEARCH_PATHS = "$(inherited) @executable_path/Frameworks";
				PRODUCT_BUNDLE_IDENTIFIER = "ie.scottyoung.Swift-Fun";
				PRODUCT_NAME = "$(TARGET_NAME)";
				SWIFT_VERSION = 3.0;
			};
			name = Debug;
		};
		FF6A78181F8AE7C400818EFD /* Release */ = {
			isa = XCBuildConfiguration;
			buildSettings = {
				ASSETCATALOG_COMPILER_APPICON_NAME = AppIcon;
				INFOPLIST_FILE = "Swift Fun/Info.plist";
				LD_RUNPATH_SEARCH_PATHS = "$(inherited) @executable_path/Frameworks";
				PRODUCT_BUNDLE_IDENTIFIER = "ie.scottyoung.Swift-Fun";
				PRODUCT_NAME = "$(TARGET_NAME)";
				SWIFT_VERSION = 3.0;
			};
			name = Release;
		};
		FF6A781A1F8AE7C400818EFD /* Debug */ = {
			isa = XCBuildConfiguration;
			buildSettings = {
				ALWAYS_EMBED_SWIFT_STANDARD_LIBRARIES = YES;
				BUNDLE_LOADER = "$(TEST_HOST)";
				INFOPLIST_FILE = "Swift FunTests/Info.plist";
				LD_RUNPATH_SEARCH_PATHS = "$(inherited) @executable_path/Frameworks @loader_path/Frameworks";
				PRODUCT_BUNDLE_IDENTIFIER = "ie.scottyoung.Swift-FunTests";
				PRODUCT_NAME = "$(TARGET_NAME)";
				SWIFT_VERSION = 3.0;
				TEST_HOST = "$(BUILT_PRODUCTS_DIR)/Swift Fun.app/Swift Fun";
			};
			name = Debug;
		};
		FF6A781B1F8AE7C400818EFD /* Release */ = {
			isa = XCBuildConfiguration;
			buildSettings = {
				ALWAYS_EMBED_SWIFT_STANDARD_LIBRARIES = YES;
				BUNDLE_LOADER = "$(TEST_HOST)";
				INFOPLIST_FILE = "Swift FunTests/Info.plist";
				LD_RUNPATH_SEARCH_PATHS = "$(inherited) @executable_path/Frameworks @loader_path/Frameworks";
				PRODUCT_BUNDLE_IDENTIFIER = "ie.scottyoung.Swift-FunTests";
				PRODUCT_NAME = "$(TARGET_NAME)";
				SWIFT_VERSION = 3.0;
				TEST_HOST = "$(BUILT_PRODUCTS_DIR)/Swift Fun.app/Swift Fun";
			};
			name = Release;
		};
		FF6A781D1F8AE7C400818EFD /* Debug */ = {
			isa = XCBuildConfiguration;
			buildSettings = {
				ALWAYS_EMBED_SWIFT_STANDARD_LIBRARIES = YES;
				INFOPLIST_FILE = "Swift FunUITests/Info.plist";
				LD_RUNPATH_SEARCH_PATHS = "$(inherited) @executable_path/Frameworks @loader_path/Frameworks";
				PRODUCT_BUNDLE_IDENTIFIER = "ie.scottyoung.Swift-FunUITests";
				PRODUCT_NAME = "$(TARGET_NAME)";
				SWIFT_VERSION = 3.0;
				TEST_TARGET_NAME = "Swift Fun";
			};
			name = Debug;
		};
		FF6A781E1F8AE7C400818EFD /* Release */ = {
			isa = XCBuildConfiguration;
			buildSettings = {
				ALWAYS_EMBED_SWIFT_STANDARD_LIBRARIES = YES;
				INFOPLIST_FILE = "Swift FunUITests/Info.plist";
				LD_RUNPATH_SEARCH_PATHS = "$(inherited) @executable_path/Frameworks @loader_path/Frameworks";
				PRODUCT_BUNDLE_IDENTIFIER = "ie.scottyoung.Swift-FunUITests";
				PRODUCT_NAME = "$(TARGET_NAME)";
				SWIFT_VERSION = 3.0;
				TEST_TARGET_NAME = "Swift Fun";
			};
			name = Release;
		};
/* End XCBuildConfiguration section */

/* Begin XCConfigurationList section */
		FF6A77E91F8AE7C400818EFD /* Build configuration list for PBXProject "Swift Fun" */ = {
			isa = XCConfigurationList;
			buildConfigurations = (
				FF6A78141F8AE7C400818EFD /* Debug */,
				FF6A78151F8AE7C400818EFD /* Release */,
			);
			defaultConfigurationIsVisible = 0;
			defaultConfigurationName = Release;
		};
		FF6A78161F8AE7C400818EFD /* Build configuration list for PBXNativeTarget "Swift Fun" */ = {
			isa = XCConfigurationList;
			buildConfigurations = (
				FF6A78171F8AE7C400818EFD /* Debug */,
				FF6A78181F8AE7C400818EFD /* Release */,
			);
			defaultConfigurationIsVisible = 0;
		};
		FF6A78191F8AE7C400818EFD /* Build configuration list for PBXNativeTarget "Swift FunTests" */ = {
			isa = XCConfigurationList;
			buildConfigurations = (
				FF6A781A1F8AE7C400818EFD /* Debug */,
				FF6A781B1F8AE7C400818EFD /* Release */,
			);
			defaultConfigurationIsVisible = 0;
		};
		FF6A781C1F8AE7C400818EFD /* Build configuration list for PBXNativeTarget "Swift FunUITests" */ = {
			isa = XCConfigurationList;
			buildConfigurations = (
				FF6A781D1F8AE7C400818EFD /* Debug */,
				FF6A781E1F8AE7C400818EFD /* Release */,
			);
			defaultConfigurationIsVisible = 0;
		};
/* End XCConfigurationList section */
	};
	rootObject = FF6A77E61F8AE7C400818EFD /* Project object */;
}
